
Microsoft Visual Studio Solution File, Format Version 11.00
# Visual Studio 2010
Project("{8BC9CEB8-8B4A-11D0-8D11-00A0C91BC942}") = "d3d11color", "d3d11color\d3d11color.vcxproj", "{D318557B-6D0A-4698-BEBC-4D0D434576AF}"
EndProject
Global
	GlobalSection(SolutionConfigurationPlatforms) = preSolution
		Debug|Win32 = Debug|Win32
		Release|Win32 = Release|Win32
	EndGlobalSection
	GlobalSection(ProjectConfigurationPlatforms) = postSolution
		{D318557B-6D0A-4698-BEBC-4D0D434576AF}.Debug|Win32.ActiveCfg = Debug|Win32
		{D318557B-6D0A-4698-BEBC-4D0D434576AF}.Debug|Win32.Build.0 = Debug|Win32
		{D318557B-6D0A-4698-BEBC-4D0D434576AF}.Release|Win32.ActiveCfg = Release|Win32
		{D318557B-6D0A-4698-BEBC-4D0D434576AF}.Release|Win32.Build.0 = Release|Win32
	EndGlobalSection
	GlobalSection(SolutionProperties) = preSolution
		HideSolutionNode = FALSE
	EndGlobalSection
EndGlobal
