
Microsoft Visual Studio Solution File, Format Version 11.00
# Visual Studio 2010
Project("{8BC9CEB8-8B4A-11D0-8D11-00A0C91BC942}") = "Begin Drawing", "Begin Drawing\Begin Drawing.vcxproj", "{4BC43627-3B65-4AF6-9D85-A6B326D5A77B}"
EndProject
Global
	GlobalSection(SolutionConfigurationPlatforms) = preSolution
		Debug|Win32 = Debug|Win32
		Release|Win32 = Release|Win32
	EndGlobalSection
	GlobalSection(ProjectConfigurationPlatforms) = postSolution
		{4BC43627-3B65-4AF6-9D85-A6B326D5A77B}.Debug|Win32.ActiveCfg = Debug|Win32
		{4BC43627-3B65-4AF6-9D85-A6B326D5A77B}.Debug|Win32.Build.0 = Debug|Win32
		{4BC43627-3B65-4AF6-9D85-A6B326D5A77B}.Release|Win32.ActiveCfg = Release|Win32
		{4BC43627-3B65-4AF6-9D85-A6B326D5A77B}.Release|Win32.Build.0 = Release|Win32
	EndGlobalSection
	GlobalSection(SolutionProperties) = preSolution
		HideSolutionNode = FALSE
	EndGlobalSection
EndGlobal
