
Microsoft Visual Studio Solution File, Format Version 11.00
# Visual Studio 2010
Project("{8BC9CEB8-8B4A-11D0-8D11-00A0C91BC942}") = "D3D11 Initialization", "D3D11 Initialization\D3D11 Initialization.vcxproj", "{AFD354B5-8587-4E55-8AA2-B2EAFBBA194B}"
EndProject
Global
	GlobalSection(SolutionConfigurationPlatforms) = preSolution
		Debug|Win32 = Debug|Win32
		Release|Win32 = Release|Win32
	EndGlobalSection
	GlobalSection(ProjectConfigurationPlatforms) = postSolution
		{AFD354B5-8587-4E55-8AA2-B2EAFBBA194B}.Debug|Win32.ActiveCfg = Debug|Win32
		{AFD354B5-8587-4E55-8AA2-B2EAFBBA194B}.Debug|Win32.Build.0 = Debug|Win32
		{AFD354B5-8587-4E55-8AA2-B2EAFBBA194B}.Release|Win32.ActiveCfg = Release|Win32
		{AFD354B5-8587-4E55-8AA2-B2EAFBBA194B}.Release|Win32.Build.0 = Release|Win32
	EndGlobalSection
	GlobalSection(SolutionProperties) = preSolution
		HideSolutionNode = FALSE
	EndGlobalSection
EndGlobal
